
Microsoft Visual Studio Solution File, Format Version 12.00
# Visual Studio Version 17
VisualStudioVersion = 17.6.33723.286
MinimumVisualStudioVersion = 10.0.40219.1
Project("{9A19103F-16F7-4668-BE54-9A1E7A4F7556}") = "WebAppDocker", "WebAppDocker\WebAppDocker.csproj", "{BDE1CEA8-B0FF-4D90-BEC5-37A2BFDA090D}"
EndProject
Project("{2150E333-8FDC-42A3-9474-1A3956D46DE8}") = "Solution Items", "Solution Items", "{7711CC04-CA65-4AE5-99FB-A4E883049069}"
	ProjectSection(SolutionItems) = preProject
		README.md = README.md
	EndProjectSection
EndProject
Global
	GlobalSection(SolutionConfigurationPlatforms) = preSolution
		Debug|Any CPU = Debug|Any CPU
		Release|Any CPU = Release|Any CPU
	EndGlobalSection
	GlobalSection(ProjectConfigurationPlatforms) = postSolution
		{BDE1CEA8-B0FF-4D90-BEC5-37A2BFDA090D}.Debug|Any CPU.ActiveCfg = Debug|Any CPU
		{BDE1CEA8-B0FF-4D90-BEC5-37A2BFDA090D}.Debug|Any CPU.Build.0 = Debug|Any CPU
		{BDE1CEA8-B0FF-4D90-BEC5-37A2BFDA090D}.Release|Any CPU.ActiveCfg = Release|Any CPU
		{BDE1CEA8-B0FF-4D90-BEC5-37A2BFDA090D}.Release|Any CPU.Build.0 = Release|Any CPU
	EndGlobalSection
	GlobalSection(SolutionProperties) = preSolution
		HideSolutionNode = FALSE
	EndGlobalSection
	GlobalSection(ExtensibilityGlobals) = postSolution
		SolutionGuid = {C21BF1FD-8C3F-45C0-8033-6F0418EB1865}
	EndGlobalSection
EndGlobal
