
Microsoft Visual Studio Solution File, Format Version 12.00
# Visual Studio Version 17
VisualStudioVersion = 17.6.33723.286
MinimumVisualStudioVersion = 10.0.40219.1
Project("{FAE04EC0-301F-11D3-BF4B-00C04F79EFBC}") = "WebAppDocker", "WebAppDocker\WebAppDocker.csproj", "{BDE1CEA8-B0FF-4D90-BEC5-37A2BFDA090D}"
EndProject
Global
	GlobalSection(SolutionConfigurationPlatforms) = preSolution
		Debug|Any CPU = Debug|Any CPU
		Release|Any CPU = Release|Any CPU
	EndGlobalSection
	GlobalSection(ProjectConfigurationPlatforms) = postSolution
		{BDE1CEA8-B0FF-4D90-BEC5-37A2BFDA090D}.Debug|Any CPU.ActiveCfg = Debug|Any CPU
		{BDE1CEA8-B0FF-4D90-BEC5-37A2BFDA090D}.Debug|Any CPU.Build.0 = Debug|Any CPU
		{BDE1CEA8-B0FF-4D90-BEC5-37A2BFDA090D}.Release|Any CPU.ActiveCfg = Release|Any CPU
		{BDE1CEA8-B0FF-4D90-BEC5-37A2BFDA090D}.Release|Any CPU.Build.0 = Release|Any CPU
	EndGlobalSection
	GlobalSection(SolutionProperties) = preSolution
		HideSolutionNode = FALSE
	EndGlobalSection
	GlobalSection(ExtensibilityGlobals) = postSolution
		SolutionGuid = {C21BF1FD-8C3F-45C0-8033-6F0418EB1865}
	EndGlobalSection
EndGlobal
